
Microsoft Visual Studio Solution File, Format Version 12.00
# Visual Studio 15
VisualStudioVersion = 15.0.27428.1
MinimumVisualStudioVersion = 10.0.40219.1
Project("{FAE04EC0-301F-11D3-BF4B-00C04F79EFBC}") = "Golf Reflex", "Golf Reflex\Golf Reflex.csproj", "{98AB6BEB-A6E5-490A-8FDC-C68E5E925F5C}"
EndProject
Global
	GlobalSection(SolutionConfigurationPlatforms) = preSolution
		Debug|Any CPU = Debug|Any CPU
		Release|Any CPU = Release|Any CPU
	EndGlobalSection
	GlobalSection(ProjectConfigurationPlatforms) = postSolution
		{98AB6BEB-A6E5-490A-8FDC-C68E5E925F5C}.Debug|Any CPU.ActiveCfg = Debug|Any CPU
		{98AB6BEB-A6E5-490A-8FDC-C68E5E925F5C}.Debug|Any CPU.Build.0 = Debug|Any CPU
		{98AB6BEB-A6E5-490A-8FDC-C68E5E925F5C}.Debug|Any CPU.Deploy.0 = Debug|Any CPU
		{98AB6BEB-A6E5-490A-8FDC-C68E5E925F5C}.Release|Any CPU.ActiveCfg = Release|Any CPU
		{98AB6BEB-A6E5-490A-8FDC-C68E5E925F5C}.Release|Any CPU.Build.0 = Release|Any CPU
		{98AB6BEB-A6E5-490A-8FDC-C68E5E925F5C}.Release|Any CPU.Deploy.0 = Release|Any CPU
	EndGlobalSection
	GlobalSection(SolutionProperties) = preSolution
		HideSolutionNode = FALSE
	EndGlobalSection
	GlobalSection(ExtensibilityGlobals) = postSolution
		SolutionGuid = {5A6A31B3-9939-49F3-BAF9-9C0E53E83855}
	EndGlobalSection
EndGlobal
